
Microsoft Visual Studio Solution File, Format Version 12.00
# Visual Studio Version 16
VisualStudioVersion = 16.0.29409.12
MinimumVisualStudioVersion = 10.0.40219.1
Project("{8BC9CEB8-8B4A-11D0-8D11-00A0C91BC942}") = "CustomClass2020Test", "CustomClass2020Test\CustomClass2020Test.vcxproj", "{67BE0080-9DD7-4C2C-A71E-378C8B00DDA9}"
EndProject
Global
	GlobalSection(SolutionConfigurationPlatforms) = preSolution
		Debug|x86 = Debug|x86
		Release|x86 = Release|x86
	EndGlobalSection
	GlobalSection(ProjectConfigurationPlatforms) = postSolution
		{67BE0080-9DD7-4C2C-A71E-378C8B00DDA9}.Debug|x86.ActiveCfg = Debug|Win32
		{67BE0080-9DD7-4C2C-A71E-378C8B00DDA9}.Debug|x86.Build.0 = Debug|Win32
		{67BE0080-9DD7-4C2C-A71E-378C8B00DDA9}.Release|x86.ActiveCfg = Release|Win32
		{67BE0080-9DD7-4C2C-A71E-378C8B00DDA9}.Release|x86.Build.0 = Release|Win32
	EndGlobalSection
	GlobalSection(SolutionProperties) = preSolution
		HideSolutionNode = FALSE
	EndGlobalSection
	GlobalSection(ExtensibilityGlobals) = postSolution
		SolutionGuid = {12B72126-5EAB-4003-97B2-EDD3D10A857C}
	EndGlobalSection
EndGlobal
